
Microsoft Visual Studio Solution File, Format Version 12.00
# Visual Studio 15
VisualStudioVersion = 15.0.27703.2026
MinimumVisualStudioVersion = 10.0.40219.1
Project("{FAE04EC0-301F-11D3-BF4B-00C04F79EFBC}") = "MyCompany.GenericAPI.Demo", "MyCompany.GenericAPI.Demo\MyCompany.GenericAPI.Demo.csproj", "{6C088C53-A4A2-4580-95CC-6B5A2D560921}"
EndProject
Project("{FAE04EC0-301F-11D3-BF4B-00C04F79EFBC}") = "MyCompany.GenericAPI.DAL", "MyCompany.GenericAPI.DAL\MyCompany.GenericAPI.DAL.csproj", "{EB617861-3F41-437B-A551-57AB08D81009}"
EndProject
Global
	GlobalSection(SolutionConfigurationPlatforms) = preSolution
		Debug|Any CPU = Debug|Any CPU
		Release|Any CPU = Release|Any CPU
	EndGlobalSection
	GlobalSection(ProjectConfigurationPlatforms) = postSolution
		{6C088C53-A4A2-4580-95CC-6B5A2D560921}.Debug|Any CPU.ActiveCfg = Debug|Any CPU
		{6C088C53-A4A2-4580-95CC-6B5A2D560921}.Debug|Any CPU.Build.0 = Debug|Any CPU
		{6C088C53-A4A2-4580-95CC-6B5A2D560921}.Release|Any CPU.ActiveCfg = Release|Any CPU
		{6C088C53-A4A2-4580-95CC-6B5A2D560921}.Release|Any CPU.Build.0 = Release|Any CPU
		{EB617861-3F41-437B-A551-57AB08D81009}.Debug|Any CPU.ActiveCfg = Debug|Any CPU
		{EB617861-3F41-437B-A551-57AB08D81009}.Debug|Any CPU.Build.0 = Debug|Any CPU
		{EB617861-3F41-437B-A551-57AB08D81009}.Release|Any CPU.ActiveCfg = Release|Any CPU
		{EB617861-3F41-437B-A551-57AB08D81009}.Release|Any CPU.Build.0 = Release|Any CPU
	EndGlobalSection
	GlobalSection(SolutionProperties) = preSolution
		HideSolutionNode = FALSE
	EndGlobalSection
	GlobalSection(ExtensibilityGlobals) = postSolution
		SolutionGuid = {7A19ABE6-B947-4B03-8D6A-D4B1C9DE8414}
	EndGlobalSection
EndGlobal
